// !$*UTF8*$!
{
	archiveVersion = 1;
	classes = {
	};
	objectVersion = 50;
	objects = {

/* Begin PBXBuildFile section */
		9580B14023595934001CFF75 /* AppDelegate.swift in Sources */ = {isa = PBXBuildFile; fileRef = 9580B13F23595934001CFF75 /* AppDelegate.swift */; };
		9580B14223595934001CFF75 /* SceneDelegate.swift in Sources */ = {isa = PBXBuildFile; fileRef = 9580B14123595934001CFF75 /* SceneDelegate.swift */; };
		9580B14423595934001CFF75 /* ContentView.swift in Sources */ = {isa = PBXBuildFile; fileRef = 9580B14323595934001CFF75 /* ContentView.swift */; };
		9580B14623595938001CFF75 /* Assets.xcassets in Resources */ = {isa = PBXBuildFile; fileRef = 9580B14523595938001CFF75 /* Assets.xcassets */; };
		9580B14923595938001CFF75 /* Preview Assets.xcassets in Resources */ = {isa = PBXBuildFile; fileRef = 9580B14823595938001CFF75 /* Preview Assets.xcassets */; };
		9580B14C23595938001CFF75 /* LaunchScreen.storyboard in Resources */ = {isa = PBXBuildFile; fileRef = 9580B14A23595938001CFF75 /* LaunchScreen.storyboard */; };
		9580B15723595938001CFF75 /* BrainyRockPaperScissorsTests.swift in Sources */ = {isa = PBXBuildFile; fileRef = 9580B15623595938001CFF75 /* BrainyRockPaperScissorsTests.swift */; };
		9580B16223595938001CFF75 /* BrainyRockPaperScissorsUITests.swift in Sources */ = {isa = PBXBuildFile; fileRef = 9580B16123595938001CFF75 /* BrainyRockPaperScissorsUITests.swift */; };
/* End PBXBuildFile section */

/* Begin PBXContainerItemProxy section */
		9580B15323595938001CFF75 /* PBXContainerItemProxy */ = {
			isa = PBXContainerItemProxy;
			containerPortal = 9580B13423595934001CFF75 /* Project object */;
			proxyType = 1;
			remoteGlobalIDString = 9580B13B23595934001CFF75;
			remoteInfo = BrainyRockPaperScissors;
		};
		9580B15E23595938001CFF75 /* PBXContainerItemProxy */ = {
			isa = PBXContainerItemProxy;
			containerPortal = 9580B13423595934001CFF75 /* Project object */;
			proxyType = 1;
			remoteGlobalIDString = 9580B13B23595934001CFF75;
			remoteInfo = BrainyRockPaperScissors;
		};
/* End PBXContainerItemProxy section */

/* Begin PBXFileReference section */
		9580B13C23595934001CFF75 /* BrainyRockPaperScissors.app */ = {isa = PBXFileReference; explicitFileType = wrapper.application; includeInIndex = 0; path = BrainyRockPaperScissors.app; sourceTree = BUILT_PRODUCTS_DIR; };
		9580B13F23595934001CFF75 /* AppDelegate.swift */ = {isa = PBXFileReference; lastKnownFileType = sourcecode.swift; path = AppDelegate.swift; sourceTree = "<group>"; };
		9580B14123595934001CFF75 /* SceneDelegate.swift */ = {isa = PBXFileReference; lastKnownFileType = sourcecode.swift; path = SceneDelegate.swift; sourceTree = "<group>"; };
		9580B14323595934001CFF75 /* ContentView.swift */ = {isa = PBXFileReference; lastKnownFileType = sourcecode.swift; path = ContentView.swift; sourceTree = "<group>"; };
		9580B14523595938001CFF75 /* Assets.xcassets */ = {isa = PBXFileReference; lastKnownFileType = folder.assetcatalog; path = Assets.xcassets; sourceTree = "<group>"; };
		9580B14823595938001CFF75 /* Preview Assets.xcassets */ = {isa = PBXFileReference; lastKnownFileType = folder.assetcatalog; path = "Preview Assets.xcassets"; sourceTree = "<group>"; };
		9580B14B23595938001CFF75 /* Base */ = {isa = PBXFileReference; lastKnownFileType = file.storyboard; name = Base; path = Base.lproj/LaunchScreen.storyboard; sourceTree = "<group>"; };
		9580B14D23595938001CFF75 /* Info.plist */ = {isa = PBXFileReference; lastKnownFileType = text.plist.xml; path = Info.plist; sourceTree = "<group>"; };
		9580B15223595938001CFF75 /* BrainyRockPaperScissorsTests.xctest */ = {isa = PBXFileReference; explicitFileType = wrapper.cfbundle; includeInIndex = 0; path = BrainyRockPaperScissorsTests.xctest; sourceTree = BUILT_PRODUCTS_DIR; };
		9580B15623595938001CFF75 /* BrainyRockPaperScissorsTests.swift */ = {isa = PBXFileReference; lastKnownFileType = sourcecode.swift; path = BrainyRockPaperScissorsTests.swift; sourceTree = "<group>"; };
		9580B15823595938001CFF75 /* Info.plist */ = {isa = PBXFileReference; lastKnownFileType = text.plist.xml; path = Info.plist; sourceTree = "<group>"; };
		9580B15D23595938001CFF75 /* BrainyRockPaperScissorsUITests.xctest */ = {isa = PBXFileReference; explicitFileType = wrapper.cfbundle; includeInIndex = 0; path = BrainyRockPaperScissorsUITests.xctest; sourceTree = BUILT_PRODUCTS_DIR; };
		9580B16123595938001CFF75 /* BrainyRockPaperScissorsUITests.swift */ = {isa = PBXFileReference; lastKnownFileType = sourcecode.swift; path = BrainyRockPaperScissorsUITests.swift; sourceTree = "<group>"; };
		9580B16323595938001CFF75 /* Info.plist */ = {isa = PBXFileReference; lastKnownFileType = text.plist.xml; path = Info.plist; sourceTree = "<group>"; };
/* End PBXFileReference section */

/* Begin PBXFrameworksBuildPhase section */
		9580B13923595934001CFF75 /* Frameworks */ = {
			isa = PBXFrameworksBuildPhase;
			buildActionMask = 2147483647;
			files = (
			);
			runOnlyForDeploymentPostprocessing = 0;
		};
		9580B14F23595938001CFF75 /* Frameworks */ = {
			isa = PBXFrameworksBuildPhase;
			buildActionMask = 2147483647;
			files = (
			);
			runOnlyForDeploymentPostprocessing = 0;
		};
		9580B15A23595938001CFF75 /* Frameworks */ = {
			isa = PBXFrameworksBuildPhase;
			buildActionMask = 2147483647;
			files = (
			);
			runOnlyForDeploymentPostprocessing = 0;
		};
/* End PBXFrameworksBuildPhase section */

/* Begin PBXGroup section */
		9580B13323595934001CFF75 = {
			isa = PBXGroup;
			children = (
				9580B13E23595934001CFF75 /* BrainyRockPaperScissors */,
				9580B15523595938001CFF75 /* BrainyRockPaperScissorsTests */,
				9580B16023595938001CFF75 /* BrainyRockPaperScissorsUITests */,
				9580B13D23595934001CFF75 /* Products */,
			);
			sourceTree = "<group>";
		};
		9580B13D23595934001CFF75 /* Products */ = {
			isa = PBXGroup;
			children = (
				9580B13C23595934001CFF75 /* BrainyRockPaperScissors.app */,
				9580B15223595938001CFF75 /* BrainyRockPaperScissorsTests.xctest */,
				9580B15D23595938001CFF75 /* BrainyRockPaperScissorsUITests.xctest */,
			);
			name = Products;
			sourceTree = "<group>";
		};
		9580B13E23595934001CFF75 /* BrainyRockPaperScissors */ = {
			isa = PBXGroup;
			children = (
				9580B13F23595934001CFF75 /* AppDelegate.swift */,
				9580B14123595934001CFF75 /* SceneDelegate.swift */,
				9580B14323595934001CFF75 /* ContentView.swift */,
				9580B14523595938001CFF75 /* Assets.xcassets */,
				9580B14A23595938001CFF75 /* LaunchScreen.storyboard */,
				9580B14D23595938001CFF75 /* Info.plist */,
				9580B14723595938001CFF75 /* Preview Content */,
			);
			path = BrainyRockPaperScissors;
			sourceTree = "<group>";
		};
		9580B14723595938001CFF75 /* Preview Content */ = {
			isa = PBXGroup;
			children = (
				9580B14823595938001CFF75 /* Preview Assets.xcassets */,
			);
			path = "Preview Content";
			sourceTree = "<group>";
		};
		9580B15523595938001CFF75 /* BrainyRockPaperScissorsTests */ = {
			isa = PBXGroup;
			children = (
				9580B15623595938001CFF75 /* BrainyRockPaperScissorsTests.swift */,
				9580B15823595938001CFF75 /* Info.plist */,
			);
			path = BrainyRockPaperScissorsTests;
			sourceTree = "<group>";
		};
		9580B16023595938001CFF75 /* BrainyRockPaperScissorsUITests */ = {
			isa = PBXGroup;
			children = (
				9580B16123595938001CFF75 /* BrainyRockPaperScissorsUITests.swift */,
				9580B16323595938001CFF75 /* Info.plist */,
			);
			path = BrainyRockPaperScissorsUITests;
			sourceTree = "<group>";
		};
/* End PBXGroup section */

/* Begin PBXNativeTarget section */
		9580B13B23595934001CFF75 /* BrainyRockPaperScissors */ = {
			isa = PBXNativeTarget;
			buildConfigurationList = 9580B16623595938001CFF75 /* Build configuration list for PBXNativeTarget "BrainyRockPaperScissors" */;
			buildPhases = (
				9580B13823595934001CFF75 /* Sources */,
				9580B13923595934001CFF75 /* Frameworks */,
				9580B13A23595934001CFF75 /* Resources */,
			);
			buildRules = (
			);
			dependencies = (
			);
			name = BrainyRockPaperScissors;
			productName = BrainyRockPaperScissors;
			productReference = 9580B13C23595934001CFF75 /* BrainyRockPaperScissors.app */;
			productType = "com.apple.product-type.application";
		};
		9580B15123595938001CFF75 /* BrainyRockPaperScissorsTests */ = {
			isa = PBXNativeTarget;
			buildConfigurationList = 9580B16923595938001CFF75 /* Build configuration list for PBXNativeTarget "BrainyRockPaperScissorsTests" */;
			buildPhases = (
				9580B14E23595938001CFF75 /* Sources */,
				9580B14F23595938001CFF75 /* Frameworks */,
				9580B15023595938001CFF75 /* Resources */,
			);
			buildRules = (
			);
			dependencies = (
				9580B15423595938001CFF75 /* PBXTargetDependency */,
			);
			name = BrainyRockPaperScissorsTests;
			productName = BrainyRockPaperScissorsTests;
			productReference = 9580B15223595938001CFF75 /* BrainyRockPaperScissorsTests.xctest */;
			productType = "com.apple.product-type.bundle.unit-test";
		};
		9580B15C23595938001CFF75 /* BrainyRockPaperScissorsUITests */ = {
			isa = PBXNativeTarget;
			buildConfigurationList = 9580B16C23595938001CFF75 /* Build configuration list for PBXNativeTarget "BrainyRockPaperScissorsUITests" */;
			buildPhases = (
				9580B15923595938001CFF75 /* Sources */,
				9580B15A23595938001CFF75 /* Frameworks */,
				9580B15B23595938001CFF75 /* Resources */,
			);
			buildRules = (
			);
			dependencies = (
				9580B15F23595938001CFF75 /* PBXTargetDependency */,
			);
			name = BrainyRockPaperScissorsUITests;
			productName = BrainyRockPaperScissorsUITests;
			productReference = 9580B15D23595938001CFF75 /* BrainyRockPaperScissorsUITests.xctest */;
			productType = "com.apple.product-type.bundle.ui-testing";
		};
/* End PBXNativeTarget section */

/* Begin PBXProject section */
		9580B13423595934001CFF75 /* Project object */ = {
			isa = PBXProject;
			attributes = {
				LastSwiftUpdateCheck = 1100;
				LastUpgradeCheck = 1100;
				ORGANIZATIONNAME = "Dennis Dang";
				TargetAttributes = {
					9580B13B23595934001CFF75 = {
						CreatedOnToolsVersion = 11.0;
					};
					9580B15123595938001CFF75 = {
						CreatedOnToolsVersion = 11.0;
						TestTargetID = 9580B13B23595934001CFF75;
					};
					9580B15C23595938001CFF75 = {
						CreatedOnToolsVersion = 11.0;
						TestTargetID = 9580B13B23595934001CFF75;
					};
				};
			};
			buildConfigurationList = 9580B13723595934001CFF75 /* Build configuration list for PBXProject "BrainyRockPaperScissors" */;
			compatibilityVersion = "Xcode 9.3";
			developmentRegion = en;
			hasScannedForEncodings = 0;
			knownRegions = (
				en,
				Base,
			);
			mainGroup = 9580B13323595934001CFF75;
			productRefGroup = 9580B13D23595934001CFF75 /* Products */;
			projectDirPath = "";
			projectRoot = "";
			targets = (
				9580B13B23595934001CFF75 /* BrainyRockPaperScissors */,
				9580B15123595938001CFF75 /* BrainyRockPaperScissorsTests */,
				9580B15C23595938001CFF75 /* BrainyRockPaperScissorsUITests */,
			);
		};
/* End PBXProject section */

/* Begin PBXResourcesBuildPhase section */
		9580B13A23595934001CFF75 /* Resources */ = {
			isa = PBXResourcesBuildPhase;
			buildActionMask = 2147483647;
			files = (
				9580B14C23595938001CFF75 /* LaunchScreen.storyboard in Resources */,
				9580B14923595938001CFF75 /* Preview Assets.xcassets in Resources */,
				9580B14623595938001CFF75 /* Assets.xcassets in Resources */,
			);
			runOnlyForDeploymentPostprocessing = 0;
		};
		9580B15023595938001CFF75 /* Resources */ = {
			isa = PBXResourcesBuildPhase;
			buildActionMask = 2147483647;
			files = (
			);
			runOnlyForDeploymentPostprocessing = 0;
		};
		9580B15B23595938001CFF75 /* Resources */ = {
			isa = PBXResourcesBuildPhase;
			buildActionMask = 2147483647;
			files = (
			);
			runOnlyForDeploymentPostprocessing = 0;
		};
/* End PBXResourcesBuildPhase section */

/* Begin PBXSourcesBuildPhase section */
		9580B13823595934001CFF75 /* Sources */ = {
			isa = PBXSourcesBuildPhase;
			buildActionMask = 2147483647;
			files = (
				9580B14023595934001CFF75 /* AppDelegate.swift in Sources */,
				9580B14223595934001CFF75 /* SceneDelegate.swift in Sources */,
				9580B14423595934001CFF75 /* ContentView.swift in Sources */,
			);
			runOnlyForDeploymentPostprocessing = 0;
		};
		9580B14E23595938001CFF75 /* Sources */ = {
			isa = PBXSourcesBuildPhase;
			buildActionMask = 2147483647;
			files = (
				9580B15723595938001CFF75 /* BrainyRockPaperScissorsTests.swift in Sources */,
			);
			runOnlyForDeploymentPostprocessing = 0;
		};
		9580B15923595938001CFF75 /* Sources */ = {
			isa = PBXSourcesBuildPhase;
			buildActionMask = 2147483647;
			files = (
				9580B16223595938001CFF75 /* BrainyRockPaperScissorsUITests.swift in Sources */,
			);
			runOnlyForDeploymentPostprocessing = 0;
		};
/* End PBXSourcesBuildPhase section */

/* Begin PBXTargetDependency section */
		9580B15423595938001CFF75 /* PBXTargetDependency */ = {
			isa = PBXTargetDependency;
			target = 9580B13B23595934001CFF75 /* BrainyRockPaperScissors */;
			targetProxy = 9580B15323595938001CFF75 /* PBXContainerItemProxy */;
		};
		9580B15F23595938001CFF75 /* PBXTargetDependency */ = {
			isa = PBXTargetDependency;
			target = 9580B13B23595934001CFF75 /* BrainyRockPaperScissors */;
			targetProxy = 9580B15E23595938001CFF75 /* PBXContainerItemProxy */;
		};
/* End PBXTargetDependency section */

/* Begin PBXVariantGroup section */
		9580B14A23595938001CFF75 /* LaunchScreen.storyboard */ = {
			isa = PBXVariantGroup;
			children = (
				9580B14B23595938001CFF75 /* Base */,
			);
			name = LaunchScreen.storyboard;
			sourceTree = "<group>";
		};
/* End PBXVariantGroup section */

/* Begin XCBuildConfiguration section */
		9580B16423595938001CFF75 /* Debug */ = {
			isa = XCBuildConfiguration;
			buildSettings = {
				ALWAYS_SEARCH_USER_PATHS = NO;
				CLANG_ANALYZER_NONNULL = YES;
				CLANG_ANALYZER_NUMBER_OBJECT_CONVERSION = YES_AGGRESSIVE;
				CLANG_CXX_LANGUAGE_STANDARD = "gnu++14";
				CLANG_CXX_LIBRARY = "libc++";
				CLANG_ENABLE_MODULES = YES;
				CLANG_ENABLE_OBJC_ARC = YES;
				CLANG_ENABLE_OBJC_WEAK = YES;
				CLANG_WARN_BLOCK_CAPTURE_AUTORELEASING = YES;
				CLANG_WARN_BOOL_CONVERSION = YES;
				CLANG_WARN_COMMA = YES;
				CLANG_WARN_CONSTANT_CONVERSION = YES;
				CLANG_WARN_DEPRECATED_OBJC_IMPLEMENTATIONS = YES;
				CLANG_WARN_DIRECT_OBJC_ISA_USAGE = YES_ERROR;
				CLANG_WARN_DOCUMENTATION_COMMENTS = YES;
				CLANG_WARN_EMPTY_BODY = YES;
				CLANG_WARN_ENUM_CONVERSION = YES;
				CLANG_WARN_INFINITE_RECURSION = YES;
				CLANG_WARN_INT_CONVERSION = YES;
				CLANG_WARN_NON_LITERAL_NULL_CONVERSION = YES;
				CLANG_WARN_OBJC_IMPLICIT_RETAIN_SELF = YES;
				CLANG_WARN_OBJC_LITERAL_CONVERSION = YES;
				CLANG_WARN_OBJC_ROOT_CLASS = YES_ERROR;
				CLANG_WARN_RANGE_LOOP_ANALYSIS = YES;
				CLANG_WARN_STRICT_PROTOTYPES = YES;
				CLANG_WARN_SUSPICIOUS_MOVE = YES;
				CLANG_WARN_UNGUARDED_AVAILABILITY = YES_AGGRESSIVE;
				CLANG_WARN_UNREACHABLE_CODE = YES;
				CLANG_WARN__DUPLICATE_METHOD_MATCH = YES;
				COPY_PHASE_STRIP = NO;
				DEBUG_INFORMATION_FORMAT = dwarf;
				ENABLE_STRICT_OBJC_MSGSEND = YES;
				ENABLE_TESTABILITY = YES;
				GCC_C_LANGUAGE_STANDARD = gnu11;
				GCC_DYNAMIC_NO_PIC = NO;
				GCC_NO_COMMON_BLOCKS = YES;
				GCC_OPTIMIZATION_LEVEL = 0;
				GCC_PREPROCESSOR_DEFINITIONS = (
					"DEBUG=1",
					"$(inherited)",
				);
				GCC_WARN_64_TO_32_BIT_CONVERSION = YES;
				GCC_WARN_ABOUT_RETURN_TYPE = YES_ERROR;
				GCC_WARN_UNDECLARED_SELECTOR = YES;
				GCC_WARN_UNINITIALIZED_AUTOS = YES_AGGRESSIVE;
				GCC_WARN_UNUSED_FUNCTION = YES;
				GCC_WARN_UNUSED_VARIABLE = YES;
				IPHONEOS_DEPLOYMENT_TARGET = 13.0;
				MTL_ENABLE_DEBUG_INFO = INCLUDE_SOURCE;
				MTL_FAST_MATH = YES;
				ONLY_ACTIVE_ARCH = YES;
				SDKROOT = iphoneos;
				SWIFT_ACTIVE_COMPILATION_CONDITIONS = DEBUG;
				SWIFT_OPTIMIZATION_LEVEL = "-Onone";
			};
			name = Debug;
		};
		9580B16523595938001CFF75 /* Release */ = {
			isa = XCBuildConfiguration;
			buildSettings = {
				ALWAYS_SEARCH_USER_PATHS = NO;
				CLANG_ANALYZER_NONNULL = YES;
				CLANG_ANALYZER_NUMBER_OBJECT_CONVERSION = YES_AGGRESSIVE;
				CLANG_CXX_LANGUAGE_STANDARD = "gnu++14";
				CLANG_CXX_LIBRARY = "libc++";
				CLANG_ENABLE_MODULES = YES;
				CLANG_ENABLE_OBJC_ARC = YES;
				CLANG_ENABLE_OBJC_WEAK = YES;
				CLANG_WARN_BLOCK_CAPTURE_AUTORELEASING = YES;
				CLANG_WARN_BOOL_CONVERSION = YES;
				CLANG_WARN_COMMA = YES;
				CLANG_WARN_CONSTANT_CONVERSION = YES;
				CLANG_WARN_DEPRECATED_OBJC_IMPLEMENTATIONS = YES;
				CLANG_WARN_DIRECT_OBJC_ISA_USAGE = YES_ERROR;
				CLANG_WARN_DOCUMENTATION_COMMENTS = YES;
				CLANG_WARN_EMPTY_BODY = YES;
				CLANG_WARN_ENUM_CONVERSION = YES;
				CLANG_WARN_INFINITE_RECURSION = YES;
				CLANG_WARN_INT_CONVERSION = YES;
				CLANG_WARN_NON_LITERAL_NULL_CONVERSION = YES;
				CLANG_WARN_OBJC_IMPLICIT_RETAIN_SELF = YES;
				CLANG_WARN_OBJC_LITERAL_CONVERSION = YES;
				CLANG_WARN_OBJC_ROOT_CLASS = YES_ERROR;
				CLANG_WARN_RANGE_LOOP_ANALYSIS = YES;
				CLANG_WARN_STRICT_PROTOTYPES = YES;
				CLANG_WARN_SUSPICIOUS_MOVE = YES;
				CLANG_WARN_UNGUARDED_AVAILABILITY = YES_AGGRESSIVE;
				CLANG_WARN_UNREACHABLE_CODE = YES;
				CLANG_WARN__DUPLICATE_METHOD_MATCH = YES;
				COPY_PHASE_STRIP = NO;
				DEBUG_INFORMATION_FORMAT = "dwarf-with-dsym";
				ENABLE_NS_ASSERTIONS = NO;
				ENABLE_STRICT_OBJC_MSGSEND = YES;
				GCC_C_LANGUAGE_STANDARD = gnu11;
				GCC_NO_COMMON_BLOCKS = YES;
				GCC_WARN_64_TO_32_BIT_CONVERSION = YES;
				GCC_WARN_ABOUT_RETURN_TYPE = YES_ERROR;
				GCC_WARN_UNDECLARED_SELECTOR = YES;
				GCC_WARN_UNINITIALIZED_AUTOS = YES_AGGRESSIVE;
				GCC_WARN_UNUSED_FUNCTION = YES;
				GCC_WARN_UNUSED_VARIABLE = YES;
				IPHONEOS_DEPLOYMENT_TARGET = 13.0;
				MTL_ENABLE_DEBUG_INFO = NO;
				MTL_FAST_MATH = YES;
				SDKROOT = iphoneos;
				SWIFT_COMPILATION_MODE = wholemodule;
				SWIFT_OPTIMIZATION_LEVEL = "-O";
				VALIDATE_PRODUCT = YES;
			};
			name = Release;
		};
		9580B16723595938001CFF75 /* Debug */ = {
			isa = XCBuildConfiguration;
			buildSettings = {
				ASSETCATALOG_COMPILER_APPICON_NAME = AppIcon;
				CODE_SIGN_STYLE = Automatic;
				DEVELOPMENT_ASSET_PATHS = "\"BrainyRockPaperScissors/Preview Content\"";
				ENABLE_PREVIEWS = YES;
				INFOPLIST_FILE = BrainyRockPaperScissors/Info.plist;
				LD_RUNPATH_SEARCH_PATHS = (
					"$(inherited)",
					"@executable_path/Frameworks",
				);
				PRODUCT_BUNDLE_IDENTIFIER = com.dangdennis.BrainyRockPaperScissors;
				PRODUCT_NAME = "$(TARGET_NAME)";
				SWIFT_VERSION = 5.0;
				TARGETED_DEVICE_FAMILY = "1,2";
			};
			name = Debug;
		};
		9580B16823595938001CFF75 /* Release */ = {
			isa = XCBuildConfiguration;
			buildSettings = {
				ASSETCATALOG_COMPILER_APPICON_NAME = AppIcon;
				CODE_SIGN_STYLE = Automatic;
				DEVELOPMENT_ASSET_PATHS = "\"BrainyRockPaperScissors/Preview Content\"";
				ENABLE_PREVIEWS = YES;
				INFOPLIST_FILE = BrainyRockPaperScissors/Info.plist;
				LD_RUNPATH_SEARCH_PATHS = (
					"$(inherited)",
					"@executable_path/Frameworks",
				);
				PRODUCT_BUNDLE_IDENTIFIER = com.dangdennis.BrainyRockPaperScissors;
				PRODUCT_NAME = "$(TARGET_NAME)";
				SWIFT_VERSION = 5.0;
				TARGETED_DEVICE_FAMILY = "1,2";
			};
			name = Release;
		};
		9580B16A23595938001CFF75 /* Debug */ = {
			isa = XCBuildConfiguration;
			buildSettings = {
				ALWAYS_EMBED_SWIFT_STANDARD_LIBRARIES = YES;
				BUNDLE_LOADER = "$(TEST_HOST)";
				CODE_SIGN_STYLE = Automatic;
				INFOPLIST_FILE = BrainyRockPaperScissorsTests/Info.plist;
				IPHONEOS_DEPLOYMENT_TARGET = 13.0;
				LD_RUNPATH_SEARCH_PATHS = (
					"$(inherited)",
					"@executable_path/Frameworks",
					"@loader_path/Frameworks",
				);
				PRODUCT_BUNDLE_IDENTIFIER = com.dangdennis.BrainyRockPaperScissorsTests;
				PRODUCT_NAME = "$(TARGET_NAME)";
				SWIFT_VERSION = 5.0;
				TARGETED_DEVICE_FAMILY = "1,2";
				TEST_HOST = "$(BUILT_PRODUCTS_DIR)/BrainyRockPaperScissors.app/BrainyRockPaperScissors";
			};
			name = Debug;
		};
		9580B16B23595938001CFF75 /* Release */ = {
			isa = XCBuildConfiguration;
			buildSettings = {
				ALWAYS_EMBED_SWIFT_STANDARD_LIBRARIES = YES;
				BUNDLE_LOADER = "$(TEST_HOST)";
				CODE_SIGN_STYLE = Automatic;
				INFOPLIST_FILE = BrainyRockPaperScissorsTests/Info.plist;
				IPHONEOS_DEPLOYMENT_TARGET = 13.0;
				LD_RUNPATH_SEARCH_PATHS = (
					"$(inherited)",
					"@executable_path/Frameworks",
					"@loader_path/Frameworks",
				);
				PRODUCT_BUNDLE_IDENTIFIER = com.dangdennis.BrainyRockPaperScissorsTests;
				PRODUCT_NAME = "$(TARGET_NAME)";
				SWIFT_VERSION = 5.0;
				TARGETED_DEVICE_FAMILY = "1,2";
				TEST_HOST = "$(BUILT_PRODUCTS_DIR)/BrainyRockPaperScissors.app/BrainyRockPaperScissors";
			};
			name = Release;
		};
		9580B16D23595938001CFF75 /* Debug */ = {
			isa = XCBuildConfiguration;
			buildSettings = {
				ALWAYS_EMBED_SWIFT_STANDARD_LIBRARIES = YES;
				CODE_SIGN_STYLE = Automatic;
				INFOPLIST_FILE = BrainyRockPaperScissorsUITests/Info.plist;
				LD_RUNPATH_SEARCH_PATHS = (
					"$(inherited)",
					"@executable_path/Frameworks",
					"@loader_path/Frameworks",
				);
				PRODUCT_BUNDLE_IDENTIFIER = com.dangdennis.BrainyRockPaperScissorsUITests;
				PRODUCT_NAME = "$(TARGET_NAME)";
				SWIFT_VERSION = 5.0;
				TARGETED_DEVICE_FAMILY = "1,2";
				TEST_TARGET_NAME = BrainyRockPaperScissors;
			};
			name = Debug;
		};
		9580B16E23595938001CFF75 /* Release */ = {
			isa = XCBuildConfiguration;
			buildSettings = {
				ALWAYS_EMBED_SWIFT_STANDARD_LIBRARIES = YES;
				CODE_SIGN_STYLE = Automatic;
				INFOPLIST_FILE = BrainyRockPaperScissorsUITests/Info.plist;
				LD_RUNPATH_SEARCH_PATHS = (
					"$(inherited)",
					"@executable_path/Frameworks",
					"@loader_path/Frameworks",
				);
				PRODUCT_BUNDLE_IDENTIFIER = com.dangdennis.BrainyRockPaperScissorsUITests;
				PRODUCT_NAME = "$(TARGET_NAME)";
				SWIFT_VERSION = 5.0;
				TARGETED_DEVICE_FAMILY = "1,2";
				TEST_TARGET_NAME = BrainyRockPaperScissors;
			};
			name = Release;
		};
/* End XCBuildConfiguration section */

/* Begin XCConfigurationList section */
		9580B13723595934001CFF75 /* Build configuration list for PBXProject "BrainyRockPaperScissors" */ = {
			isa = XCConfigurationList;
			buildConfigurations = (
				9580B16423595938001CFF75 /* Debug */,
				9580B16523595938001CFF75 /* Release */,
			);
			defaultConfigurationIsVisible = 0;
			defaultConfigurationName = Release;
		};
		9580B16623595938001CFF75 /* Build configuration list for PBXNativeTarget "BrainyRockPaperScissors" */ = {
			isa = XCConfigurationList;
			buildConfigurations = (
				9580B16723595938001CFF75 /* Debug */,
				9580B16823595938001CFF75 /* Release */,
			);
			defaultConfigurationIsVisible = 0;
			defaultConfigurationName = Release;
		};
		9580B16923595938001CFF75 /* Build configuration list for PBXNativeTarget "BrainyRockPaperScissorsTests" */ = {
			isa = XCConfigurationList;
			buildConfigurations = (
				9580B16A23595938001CFF75 /* Debug */,
				9580B16B23595938001CFF75 /* Release */,
			);
			defaultConfigurationIsVisible = 0;
			defaultConfigurationName = Release;
		};
		9580B16C23595938001CFF75 /* Build configuration list for PBXNativeTarget "BrainyRockPaperScissorsUITests" */ = {
			isa = XCConfigurationList;
			buildConfigurations = (
				9580B16D23595938001CFF75 /* Debug */,
				9580B16E23595938001CFF75 /* Release */,
			);
			defaultConfigurationIsVisible = 0;
			defaultConfigurationName = Release;
		};
/* End XCConfigurationList section */
	};
	rootObject = 9580B13423595934001CFF75 /* Project object */;
}
